
Microsoft Visual Studio Solution File, Format Version 12.00
# Visual Studio 15
VisualStudioVersion = 15.0.27130.2010
MinimumVisualStudioVersion = 10.0.40219.1
Project("{FAE04EC0-301F-11D3-BF4B-00C04F79EFBC}") = "WyCo.Android", "WyCo\WyCo.Android\WyCo.Android.csproj", "{2E52AAC2-3676-468C-AFCC-E2F227FE0F51}"
EndProject
Project("{FAE04EC0-301F-11D3-BF4B-00C04F79EFBC}") = "WyCo", "WyCo\WyCo\WyCo.csproj", "{C786444A-B76C-4701-83A9-D3F8F5A5230C}"
EndProject
Project("{FAE04EC0-301F-11D3-BF4B-00C04F79EFBC}") = "WyCo.iOS", "WyCo\WyCo.iOS\WyCo.iOS.csproj", "{2940E9EA-FF84-48EA-B7C3-B81480272851}"
EndProject
Global
	GlobalSection(SolutionConfigurationPlatforms) = preSolution
		Ad-Hoc|Any CPU = Ad-Hoc|Any CPU
		Ad-Hoc|ARM = Ad-Hoc|ARM
		Ad-Hoc|iPhone = Ad-Hoc|iPhone
		Ad-Hoc|iPhoneSimulator = Ad-Hoc|iPhoneSimulator
		Ad-Hoc|x64 = Ad-Hoc|x64
		Ad-Hoc|x86 = Ad-Hoc|x86
		AppStore|Any CPU = AppStore|Any CPU
		AppStore|ARM = AppStore|ARM
		AppStore|iPhone = AppStore|iPhone
		AppStore|iPhoneSimulator = AppStore|iPhoneSimulator
		AppStore|x64 = AppStore|x64
		AppStore|x86 = AppStore|x86
		Debug|Any CPU = Debug|Any CPU
		Debug|ARM = Debug|ARM
		Debug|iPhone = Debug|iPhone
		Debug|iPhoneSimulator = Debug|iPhoneSimulator
		Debug|x64 = Debug|x64
		Debug|x86 = Debug|x86
		Release|Any CPU = Release|Any CPU
		Release|ARM = Release|ARM
		Release|iPhone = Release|iPhone
		Release|iPhoneSimulator = Release|iPhoneSimulator
		Release|x64 = Release|x64
		Release|x86 = Release|x86
	EndGlobalSection
	GlobalSection(ProjectConfigurationPlatforms) = postSolution
		{2E52AAC2-3676-468C-AFCC-E2F227FE0F51}.Ad-Hoc|Any CPU.ActiveCfg = Release|Any CPU
		{2E52AAC2-3676-468C-AFCC-E2F227FE0F51}.Ad-Hoc|Any CPU.Build.0 = Release|Any CPU
		{2E52AAC2-3676-468C-AFCC-E2F227FE0F51}.Ad-Hoc|Any CPU.Deploy.0 = Release|Any CPU
		{2E52AAC2-3676-468C-AFCC-E2F227FE0F51}.Ad-Hoc|ARM.ActiveCfg = Release|Any CPU
		{2E52AAC2-3676-468C-AFCC-E2F227FE0F51}.Ad-Hoc|ARM.Build.0 = Release|Any CPU
		{2E52AAC2-3676-468C-AFCC-E2F227FE0F51}.Ad-Hoc|ARM.Deploy.0 = Release|Any CPU
		{2E52AAC2-3676-468C-AFCC-E2F227FE0F51}.Ad-Hoc|iPhone.ActiveCfg = Release|Any CPU
		{2E52AAC2-3676-468C-AFCC-E2F227FE0F51}.Ad-Hoc|iPhone.Build.0 = Release|Any CPU
		{2E52AAC2-3676-468C-AFCC-E2F227FE0F51}.Ad-Hoc|iPhone.Deploy.0 = Release|Any CPU
		{2E52AAC2-3676-468C-AFCC-E2F227FE0F51}.Ad-Hoc|iPhoneSimulator.ActiveCfg = Release|Any CPU
		{2E52AAC2-3676-468C-AFCC-E2F227FE0F51}.Ad-Hoc|iPhoneSimulator.Build.0 = Release|Any CPU
		{2E52AAC2-3676-468C-AFCC-E2F227FE0F51}.Ad-Hoc|iPhoneSimulator.Deploy.0 = Release|Any CPU
		{2E52AAC2-3676-468C-AFCC-E2F227FE0F51}.Ad-Hoc|x64.ActiveCfg = Release|Any CPU
		{2E52AAC2-3676-468C-AFCC-E2F227FE0F51}.Ad-Hoc|x64.Build.0 = Release|Any CPU
		{2E52AAC2-3676-468C-AFCC-E2F227FE0F51}.Ad-Hoc|x64.Deploy.0 = Release|Any CPU
		{2E52AAC2-3676-468C-AFCC-E2F227FE0F51}.Ad-Hoc|x86.ActiveCfg = Release|Any CPU
		{2E52AAC2-3676-468C-AFCC-E2F227FE0F51}.Ad-Hoc|x86.Build.0 = Release|Any CPU
		{2E52AAC2-3676-468C-AFCC-E2F227FE0F51}.Ad-Hoc|x86.Deploy.0 = Release|Any CPU
		{2E52AAC2-3676-468C-AFCC-E2F227FE0F51}.AppStore|Any CPU.ActiveCfg = Release|Any CPU
		{2E52AAC2-3676-468C-AFCC-E2F227FE0F51}.AppStore|Any CPU.Build.0 = Release|Any CPU
		{2E52AAC2-3676-468C-AFCC-E2F227FE0F51}.AppStore|Any CPU.Deploy.0 = Release|Any CPU
		{2E52AAC2-3676-468C-AFCC-E2F227FE0F51}.AppStore|ARM.ActiveCfg = Release|Any CPU
		{2E52AAC2-3676-468C-AFCC-E2F227FE0F51}.AppStore|ARM.Build.0 = Release|Any CPU
		{2E52AAC2-3676-468C-AFCC-E2F227FE0F51}.AppStore|ARM.Deploy.0 = Release|Any CPU
		{2E52AAC2-3676-468C-AFCC-E2F227FE0F51}.AppStore|iPhone.ActiveCfg = Release|Any CPU
		{2E52AAC2-3676-468C-AFCC-E2F227FE0F51}.AppStore|iPhone.Build.0 = Release|Any CPU
		{2E52AAC2-3676-468C-AFCC-E2F227FE0F51}.AppStore|iPhone.Deploy.0 = Release|Any CPU
		{2E52AAC2-3676-468C-AFCC-E2F227FE0F51}.AppStore|iPhoneSimulator.ActiveCfg = Release|Any CPU
		{2E52AAC2-3676-468C-AFCC-E2F227FE0F51}.AppStore|iPhoneSimulator.Build.0 = Release|Any CPU
		{2E52AAC2-3676-468C-AFCC-E2F227FE0F51}.AppStore|iPhoneSimulator.Deploy.0 = Release|Any CPU
		{2E52AAC2-3676-468C-AFCC-E2F227FE0F51}.AppStore|x64.ActiveCfg = Release|Any CPU
		{2E52AAC2-3676-468C-AFCC-E2F227FE0F51}.AppStore|x64.Build.0 = Release|Any CPU
		{2E52AAC2-3676-468C-AFCC-E2F227FE0F51}.AppStore|x64.Deploy.0 = Release|Any CPU
		{2E52AAC2-3676-468C-AFCC-E2F227FE0F51}.AppStore|x86.ActiveCfg = Release|Any CPU
		{2E52AAC2-3676-468C-AFCC-E2F227FE0F51}.AppStore|x86.Build.0 = Release|Any CPU
		{2E52AAC2-3676-468C-AFCC-E2F227FE0F51}.AppStore|x86.Deploy.0 = Release|Any CPU
		{2E52AAC2-3676-468C-AFCC-E2F227FE0F51}.Debug|Any CPU.ActiveCfg = Debug|Any CPU
		{2E52AAC2-3676-468C-AFCC-E2F227FE0F51}.Debug|Any CPU.Build.0 = Debug|Any CPU
		{2E52AAC2-3676-468C-AFCC-E2F227FE0F51}.Debug|Any CPU.Deploy.0 = Debug|Any CPU
		{2E52AAC2-3676-468C-AFCC-E2F227FE0F51}.Debug|ARM.ActiveCfg = Debug|Any CPU
		{2E52AAC2-3676-468C-AFCC-E2F227FE0F51}.Debug|ARM.Build.0 = Debug|Any CPU
		{2E52AAC2-3676-468C-AFCC-E2F227FE0F51}.Debug|ARM.Deploy.0 = Debug|Any CPU
		{2E52AAC2-3676-468C-AFCC-E2F227FE0F51}.Debug|iPhone.ActiveCfg = Debug|Any CPU
		{2E52AAC2-3676-468C-AFCC-E2F227FE0F51}.Debug|iPhone.Build.0 = Debug|Any CPU
		{2E52AAC2-3676-468C-AFCC-E2F227FE0F51}.Debug|iPhone.Deploy.0 = Debug|Any CPU
		{2E52AAC2-3676-468C-AFCC-E2F227FE0F51}.Debug|iPhoneSimulator.ActiveCfg = Debug|Any CPU
		{2E52AAC2-3676-468C-AFCC-E2F227FE0F51}.Debug|iPhoneSimulator.Build.0 = Debug|Any CPU
		{2E52AAC2-3676-468C-AFCC-E2F227FE0F51}.Debug|iPhoneSimulator.Deploy.0 = Debug|Any CPU
		{2E52AAC2-3676-468C-AFCC-E2F227FE0F51}.Debug|x64.ActiveCfg = Debug|Any CPU
		{2E52AAC2-3676-468C-AFCC-E2F227FE0F51}.Debug|x64.Build.0 = Debug|Any CPU
		{2E52AAC2-3676-468C-AFCC-E2F227FE0F51}.Debug|x64.Deploy.0 = Debug|Any CPU
		{2E52AAC2-3676-468C-AFCC-E2F227FE0F51}.Debug|x86.ActiveCfg = Debug|Any CPU
		{2E52AAC2-3676-468C-AFCC-E2F227FE0F51}.Debug|x86.Build.0 = Debug|Any CPU
		{2E52AAC2-3676-468C-AFCC-E2F227FE0F51}.Debug|x86.Deploy.0 = Debug|Any CPU
		{2E52AAC2-3676-468C-AFCC-E2F227FE0F51}.Release|Any CPU.ActiveCfg = Release|Any CPU
		{2E52AAC2-3676-468C-AFCC-E2F227FE0F51}.Release|Any CPU.Build.0 = Release|Any CPU
		{2E52AAC2-3676-468C-AFCC-E2F227FE0F51}.Release|Any CPU.Deploy.0 = Release|Any CPU
		{2E52AAC2-3676-468C-AFCC-E2F227FE0F51}.Release|ARM.ActiveCfg = Release|Any CPU
		{2E52AAC2-3676-468C-AFCC-E2F227FE0F51}.Release|ARM.Build.0 = Release|Any CPU
		{2E52AAC2-3676-468C-AFCC-E2F227FE0F51}.Release|ARM.Deploy.0 = Release|Any CPU
		{2E52AAC2-3676-468C-AFCC-E2F227FE0F51}.Release|iPhone.ActiveCfg = Release|Any CPU
		{2E52AAC2-3676-468C-AFCC-E2F227FE0F51}.Release|iPhone.Build.0 = Release|Any CPU
		{2E52AAC2-3676-468C-AFCC-E2F227FE0F51}.Release|iPhone.Deploy.0 = Release|Any CPU
		{2E52AAC2-3676-468C-AFCC-E2F227FE0F51}.Release|iPhoneSimulator.ActiveCfg = Release|Any CPU
		{2E52AAC2-3676-468C-AFCC-E2F227FE0F51}.Release|iPhoneSimulator.Build.0 = Release|Any CPU
		{2E52AAC2-3676-468C-AFCC-E2F227FE0F51}.Release|iPhoneSimulator.Deploy.0 = Release|Any CPU
		{2E52AAC2-3676-468C-AFCC-E2F227FE0F51}.Release|x64.ActiveCfg = Release|Any CPU
		{2E52AAC2-3676-468C-AFCC-E2F227FE0F51}.Release|x64.Build.0 = Release|Any CPU
		{2E52AAC2-3676-468C-AFCC-E2F227FE0F51}.Release|x64.Deploy.0 = Release|Any CPU
		{2E52AAC2-3676-468C-AFCC-E2F227FE0F51}.Release|x86.ActiveCfg = Release|Any CPU
		{2E52AAC2-3676-468C-AFCC-E2F227FE0F51}.Release|x86.Build.0 = Release|Any CPU
		{2E52AAC2-3676-468C-AFCC-E2F227FE0F51}.Release|x86.Deploy.0 = Release|Any CPU
		{C786444A-B76C-4701-83A9-D3F8F5A5230C}.Ad-Hoc|Any CPU.ActiveCfg = Release|Any CPU
		{C786444A-B76C-4701-83A9-D3F8F5A5230C}.Ad-Hoc|Any CPU.Build.0 = Release|Any CPU
		{C786444A-B76C-4701-83A9-D3F8F5A5230C}.Ad-Hoc|ARM.ActiveCfg = Release|Any CPU
		{C786444A-B76C-4701-83A9-D3F8F5A5230C}.Ad-Hoc|ARM.Build.0 = Release|Any CPU
		{C786444A-B76C-4701-83A9-D3F8F5A5230C}.Ad-Hoc|iPhone.ActiveCfg = Release|Any CPU
		{C786444A-B76C-4701-83A9-D3F8F5A5230C}.Ad-Hoc|iPhone.Build.0 = Release|Any CPU
		{C786444A-B76C-4701-83A9-D3F8F5A5230C}.Ad-Hoc|iPhoneSimulator.ActiveCfg = Release|Any CPU
		{C786444A-B76C-4701-83A9-D3F8F5A5230C}.Ad-Hoc|iPhoneSimulator.Build.0 = Release|Any CPU
		{C786444A-B76C-4701-83A9-D3F8F5A5230C}.Ad-Hoc|x64.ActiveCfg = Release|Any CPU
		{C786444A-B76C-4701-83A9-D3F8F5A5230C}.Ad-Hoc|x64.Build.0 = Release|Any CPU
		{C786444A-B76C-4701-83A9-D3F8F5A5230C}.Ad-Hoc|x86.ActiveCfg = Release|Any CPU
		{C786444A-B76C-4701-83A9-D3F8F5A5230C}.Ad-Hoc|x86.Build.0 = Release|Any CPU
		{C786444A-B76C-4701-83A9-D3F8F5A5230C}.AppStore|Any CPU.ActiveCfg = Release|Any CPU
		{C786444A-B76C-4701-83A9-D3F8F5A5230C}.AppStore|Any CPU.Build.0 = Release|Any CPU
		{C786444A-B76C-4701-83A9-D3F8F5A5230C}.AppStore|ARM.ActiveCfg = Release|Any CPU
		{C786444A-B76C-4701-83A9-D3F8F5A5230C}.AppStore|ARM.Build.0 = Release|Any CPU
		{C786444A-B76C-4701-83A9-D3F8F5A5230C}.AppStore|iPhone.ActiveCfg = Release|Any CPU
		{C786444A-B76C-4701-83A9-D3F8F5A5230C}.AppStore|iPhone.Build.0 = Release|Any CPU
		{C786444A-B76C-4701-83A9-D3F8F5A5230C}.AppStore|iPhoneSimulator.ActiveCfg = Release|Any CPU
		{C786444A-B76C-4701-83A9-D3F8F5A5230C}.AppStore|iPhoneSimulator.Build.0 = Release|Any CPU
		{C786444A-B76C-4701-83A9-D3F8F5A5230C}.AppStore|x64.ActiveCfg = Release|Any CPU
		{C786444A-B76C-4701-83A9-D3F8F5A5230C}.AppStore|x64.Build.0 = Release|Any CPU
		{C786444A-B76C-4701-83A9-D3F8F5A5230C}.AppStore|x86.ActiveCfg = Release|Any CPU
		{C786444A-B76C-4701-83A9-D3F8F5A5230C}.AppStore|x86.Build.0 = Release|Any CPU
		{C786444A-B76C-4701-83A9-D3F8F5A5230C}.Debug|Any CPU.ActiveCfg = Debug|Any CPU
		{C786444A-B76C-4701-83A9-D3F8F5A5230C}.Debug|Any CPU.Build.0 = Debug|Any CPU
		{C786444A-B76C-4701-83A9-D3F8F5A5230C}.Debug|ARM.ActiveCfg = Debug|Any CPU
		{C786444A-B76C-4701-83A9-D3F8F5A5230C}.Debug|ARM.Build.0 = Debug|Any CPU
		{C786444A-B76C-4701-83A9-D3F8F5A5230C}.Debug|iPhone.ActiveCfg = Debug|Any CPU
		{C786444A-B76C-4701-83A9-D3F8F5A5230C}.Debug|iPhone.Build.0 = Debug|Any CPU
		{C786444A-B76C-4701-83A9-D3F8F5A5230C}.Debug|iPhoneSimulator.ActiveCfg = Debug|Any CPU
		{C786444A-B76C-4701-83A9-D3F8F5A5230C}.Debug|iPhoneSimulator.Build.0 = Debug|Any CPU
		{C786444A-B76C-4701-83A9-D3F8F5A5230C}.Debug|x64.ActiveCfg = Debug|Any CPU
		{C786444A-B76C-4701-83A9-D3F8F5A5230C}.Debug|x64.Build.0 = Debug|Any CPU
		{C786444A-B76C-4701-83A9-D3F8F5A5230C}.Debug|x86.ActiveCfg = Debug|Any CPU
		{C786444A-B76C-4701-83A9-D3F8F5A5230C}.Debug|x86.Build.0 = Debug|Any CPU
		{C786444A-B76C-4701-83A9-D3F8F5A5230C}.Release|Any CPU.ActiveCfg = Release|Any CPU
		{C786444A-B76C-4701-83A9-D3F8F5A5230C}.Release|Any CPU.Build.0 = Release|Any CPU
		{C786444A-B76C-4701-83A9-D3F8F5A5230C}.Release|ARM.ActiveCfg = Release|Any CPU
		{C786444A-B76C-4701-83A9-D3F8F5A5230C}.Release|ARM.Build.0 = Release|Any CPU
		{C786444A-B76C-4701-83A9-D3F8F5A5230C}.Release|iPhone.ActiveCfg = Release|Any CPU
		{C786444A-B76C-4701-83A9-D3F8F5A5230C}.Release|iPhone.Build.0 = Release|Any CPU
		{C786444A-B76C-4701-83A9-D3F8F5A5230C}.Release|iPhoneSimulator.ActiveCfg = Release|Any CPU
		{C786444A-B76C-4701-83A9-D3F8F5A5230C}.Release|iPhoneSimulator.Build.0 = Release|Any CPU
		{C786444A-B76C-4701-83A9-D3F8F5A5230C}.Release|x64.ActiveCfg = Release|Any CPU
		{C786444A-B76C-4701-83A9-D3F8F5A5230C}.Release|x64.Build.0 = Release|Any CPU
		{C786444A-B76C-4701-83A9-D3F8F5A5230C}.Release|x86.ActiveCfg = Release|Any CPU
		{C786444A-B76C-4701-83A9-D3F8F5A5230C}.Release|x86.Build.0 = Release|Any CPU
		{2940E9EA-FF84-48EA-B7C3-B81480272851}.Ad-Hoc|Any CPU.ActiveCfg = Ad-Hoc|iPhoneSimulator
		{2940E9EA-FF84-48EA-B7C3-B81480272851}.Ad-Hoc|ARM.ActiveCfg = Ad-Hoc|iPhone
		{2940E9EA-FF84-48EA-B7C3-B81480272851}.Ad-Hoc|iPhone.ActiveCfg = Ad-Hoc|iPhone
		{2940E9EA-FF84-48EA-B7C3-B81480272851}.Ad-Hoc|iPhone.Build.0 = Ad-Hoc|iPhone
		{2940E9EA-FF84-48EA-B7C3-B81480272851}.Ad-Hoc|iPhoneSimulator.ActiveCfg = Ad-Hoc|iPhoneSimulator
		{2940E9EA-FF84-48EA-B7C3-B81480272851}.Ad-Hoc|iPhoneSimulator.Build.0 = Ad-Hoc|iPhoneSimulator
		{2940E9EA-FF84-48EA-B7C3-B81480272851}.Ad-Hoc|x64.ActiveCfg = Ad-Hoc|iPhone
		{2940E9EA-FF84-48EA-B7C3-B81480272851}.Ad-Hoc|x86.ActiveCfg = Ad-Hoc|iPhone
		{2940E9EA-FF84-48EA-B7C3-B81480272851}.AppStore|Any CPU.ActiveCfg = AppStore|iPhoneSimulator
		{2940E9EA-FF84-48EA-B7C3-B81480272851}.AppStore|ARM.ActiveCfg = AppStore|iPhone
		{2940E9EA-FF84-48EA-B7C3-B81480272851}.AppStore|iPhone.ActiveCfg = AppStore|iPhone
		{2940E9EA-FF84-48EA-B7C3-B81480272851}.AppStore|iPhone.Build.0 = AppStore|iPhone
		{2940E9EA-FF84-48EA-B7C3-B81480272851}.AppStore|iPhoneSimulator.ActiveCfg = AppStore|iPhoneSimulator
		{2940E9EA-FF84-48EA-B7C3-B81480272851}.AppStore|iPhoneSimulator.Build.0 = AppStore|iPhoneSimulator
		{2940E9EA-FF84-48EA-B7C3-B81480272851}.AppStore|x64.ActiveCfg = AppStore|iPhone
		{2940E9EA-FF84-48EA-B7C3-B81480272851}.AppStore|x86.ActiveCfg = AppStore|iPhone
		{2940E9EA-FF84-48EA-B7C3-B81480272851}.Debug|Any CPU.ActiveCfg = Debug|iPhoneSimulator
		{2940E9EA-FF84-48EA-B7C3-B81480272851}.Debug|Any CPU.Build.0 = Debug|iPhoneSimulator
		{2940E9EA-FF84-48EA-B7C3-B81480272851}.Debug|ARM.ActiveCfg = Debug|iPhone
		{2940E9EA-FF84-48EA-B7C3-B81480272851}.Debug|iPhone.ActiveCfg = Debug|iPhone
		{2940E9EA-FF84-48EA-B7C3-B81480272851}.Debug|iPhone.Build.0 = Debug|iPhone
		{2940E9EA-FF84-48EA-B7C3-B81480272851}.Debug|iPhoneSimulator.ActiveCfg = Debug|iPhoneSimulator
		{2940E9EA-FF84-48EA-B7C3-B81480272851}.Debug|iPhoneSimulator.Build.0 = Debug|iPhoneSimulator
		{2940E9EA-FF84-48EA-B7C3-B81480272851}.Debug|x64.ActiveCfg = Debug|iPhone
		{2940E9EA-FF84-48EA-B7C3-B81480272851}.Debug|x86.ActiveCfg = Debug|iPhone
		{2940E9EA-FF84-48EA-B7C3-B81480272851}.Release|Any CPU.ActiveCfg = Release|iPhoneSimulator
		{2940E9EA-FF84-48EA-B7C3-B81480272851}.Release|Any CPU.Build.0 = Release|iPhoneSimulator
		{2940E9EA-FF84-48EA-B7C3-B81480272851}.Release|ARM.ActiveCfg = Release|iPhone
		{2940E9EA-FF84-48EA-B7C3-B81480272851}.Release|iPhone.ActiveCfg = Release|iPhone
		{2940E9EA-FF84-48EA-B7C3-B81480272851}.Release|iPhone.Build.0 = Release|iPhone
		{2940E9EA-FF84-48EA-B7C3-B81480272851}.Release|iPhoneSimulator.ActiveCfg = Release|iPhoneSimulator
		{2940E9EA-FF84-48EA-B7C3-B81480272851}.Release|iPhoneSimulator.Build.0 = Release|iPhoneSimulator
		{2940E9EA-FF84-48EA-B7C3-B81480272851}.Release|x64.ActiveCfg = Release|iPhone
		{2940E9EA-FF84-48EA-B7C3-B81480272851}.Release|x86.ActiveCfg = Release|iPhone
	EndGlobalSection
	GlobalSection(SolutionProperties) = preSolution
		HideSolutionNode = FALSE
	EndGlobalSection
	GlobalSection(ExtensibilityGlobals) = postSolution
		SolutionGuid = {5EC92BC9-C291-4211-82D2-F0B22111834F}
	EndGlobalSection
	GlobalSection(MonoDevelopProperties) = preSolution
		Policies = $0
		$0.DotNetNamingPolicy = $1
		$1.DirectoryNamespaceAssociation = PrefixedHierarchical
		$0.StandardHeader = $2
		$0.VersionControlPolicy = $3
	EndGlobalSection
EndGlobal
